{
	"requires": true,
	"lockfileVersion": 1,
	"dependencies": {
		"minimist": {
			"version": "1.2.0",
			"resolved": "http://registry.npmjs.org/minimist/-/minimist-1.2.0.tgz",
			"integrity": "sha1-o1AIsg9BOD7sH7kU9M1d95omQoQ="
		},
		"prettier": {
			"version": "1.14.3",
			"resolved": "https://registry.npmjs.org/prettier/-/prettier-1.14.3.tgz",
			"integrity": "sha512-qZDVnCrnpsRJJq5nSsiHCE3BYMED2OtsI+cmzIzF1QIfqm5ALf8tEJcO27zV1gKNKRPdhjO0dNWnrzssDQ1tFg=="
		}
	}
}
